# This file is autogenerated, do not edit; changes may be undone by the next 'dep ensure'.


[[projects]]
  branch = "master"
  name = "golang.org/x/net"
  packages = ["websocket"]
  revision = "312bce6e941fc7e152b630a8643ea239afc12ddd"

[solve-meta]
  analyzer-name = "dep"
  analyzer-version = 1
  inputs-digest = "5158d7719437a97c51b6832d4a8142dbdd4290a88aca5930a87132b92428625f"
  solver-name = "gps-cdcl"
  solver-version = 1
